<?xml version="1.0" encoding="utf-8"?>
<Project ToolsVersion="4.0" xmlns="http://schemas.microsoft.com/developer/msbuild/2003">
  <ItemGroup>
    <Filter Include="Source Files">
      <UniqueIdentifier>{4FC737F1-C7A5-4376-A066-2A32D752A2FF}</UniqueIdentifier>
      <Extensions>cpp;c;cc;cxx;def;odl;idl;hpj;bat;asm;asmx</Extensions>
    </Filter>
    <Filter Include="Header Files">
      <UniqueIdentifier>{93995380-89BD-4b04-88EB-625FBE52EBFB}</UniqueIdentifier>
      <Extensions>h;hh;hpp;hxx;hm;inl;inc;xsd</Extensions>
    </Filter>
    <Filter Include="Resource Files">
      <UniqueIdentifier>{67DA6AB6-F800-4c08-8B7A-83BB121AAD01}</UniqueIdentifier>
      <Extensions>rc;ico;cur;bmp;dlg;rc2;rct;bin;rgs;gif;jpg;jpeg;jpe;resx;tiff;tif;png;wav;mfcribbon-ms</Extensions>
    </Filter>
    <Filter Include="src">
      <UniqueIdentifier>{c26a442a-5c7a-4300-ac20-a9c3d74e2c4f}</UniqueIdentifier>
    </Filter>
    <Filter Include="src\_micro-api-readonly">
      <UniqueIdentifier>{d388e0c8-9040-4eb7-93ed-0721f5dd4711}</UniqueIdentifier>
    </Filter>
    <Filter Include="src\_micro-api-readonly\core">
      <UniqueIdentifier>{33c01335-70fb-4c04-ad1c-f3cb9fa63c84}</UniqueIdentifier>
    </Filter>
    <Filter Include="src\_micro-api-readonly\variants">
      <UniqueIdentifier>{8274b69e-a14c-4ea2-9faa-a1b22d579bf8}</UniqueIdentifier>
    </Filter>
    <Filter Include="src\_micro-api-readonly\variants\standard">
      <UniqueIdentifier>{5a7d499c-dee5-41b9-a629-fc4b0643e34c}</UniqueIdentifier>
    </Filter>
    <Filter Include="src\_micro-api-readonly\libraries">
      <UniqueIdentifier>{e0597199-30af-44df-bf21-0011008dd08b}</UniqueIdentifier>
    </Filter>
    <Filter Include="src\_micro-api-readonly\libraries\Adafruit_NeoPixel">
      <UniqueIdentifier>{2d0142c4-1884-4a5a-bde3-37e456b800f7}</UniqueIdentifier>
    </Filter>
    <Filter Include="src\_micro-api-readonly\libraries\SD">
      <UniqueIdentifier>{44561437-869c-4b69-9403-5266e1eba2a4}</UniqueIdentifier>
    </Filter>
    <Filter Include="src\_micro-api-readonly\libraries\SD\src">
      <UniqueIdentifier>{970aa20c-e56b-4934-90c0-2475eb35626f}</UniqueIdentifier>
    </Filter>
    <Filter Include="src\_micro-api-readonly\libraries\SD\src\utility">
      <UniqueIdentifier>{da0a9295-2a31-4b6b-9b91-73f99ba3ac7c}</UniqueIdentifier>
    </Filter>
    <Filter Include="src\_micro-api-readonly\libraries\SoftwareSerial">
      <UniqueIdentifier>{3f271a96-b48d-44ad-99a8-89368ba2560e}</UniqueIdentifier>
    </Filter>
    <Filter Include="src\_micro-api-readonly\libraries\SoftwareSerial\src">
      <UniqueIdentifier>{7de3c1f0-f625-4827-9c68-bab693e12503}</UniqueIdentifier>
    </Filter>
    <Filter Include="src\_micro-api-readonly\libraries\SPI">
      <UniqueIdentifier>{d34ff644-a121-4b3f-a132-882e64c34be9}</UniqueIdentifier>
    </Filter>
    <Filter Include="src\_micro-api-readonly\libraries\SPI\src">
      <UniqueIdentifier>{a373be89-5410-486c-ac92-8d731f1a66b7}</UniqueIdentifier>
    </Filter>
  </ItemGroup>
  <ItemGroup>
    <None Include="GeoPixel.ino" />
    <None Include="..\..\..\..\..\..\..\..\..\Program Files (x86)\Arduino\hardware\arduino\avr\cores\arduino\wiring_pulse.S">
      <Filter>src\_micro-api-readonly\core</Filter>
    </None>
    <None Include="..\..\..\..\..\..\Arduino\libraries\Adafruit_NeoPixel\library.properties">
      <Filter>src\_micro-api-readonly\libraries\Adafruit_NeoPixel</Filter>
    </None>
    <None Include="..\..\..\..\..\..\..\..\..\Program Files (x86)\Arduino\libraries\SD\library.properties">
      <Filter>src\_micro-api-readonly\libraries\SD</Filter>
    </None>
    <None Include="..\..\..\..\..\..\..\..\..\Program Files (x86)\Arduino\hardware\arduino\avr\libraries\SoftwareSerial\library.properties">
      <Filter>src\_micro-api-readonly\libraries\SoftwareSerial</Filter>
    </None>
    <None Include="..\..\..\..\..\..\..\..\..\Program Files (x86)\Arduino\hardware\arduino\avr\libraries\SPI\library.properties">
      <Filter>src\_micro-api-readonly\libraries\SPI</Filter>
    </None>
  </ItemGroup>
  <ItemGroup>
    <ClInclude Include="__vm\.GeoPixel.vsarduino.h">
      <Filter>Header Files</Filter>
    </ClInclude>
    <ClInclude Include="..\..\..\..\..\..\..\..\..\Program Files (x86)\Arduino\hardware\arduino\avr\cores\arduino\Arduino.h">
      <Filter>src\_micro-api-readonly\core</Filter>
    </ClInclude>
    <ClInclude Include="..\..\..\..\..\..\..\..\..\Program Files (x86)\Arduino\hardware\arduino\avr\cores\arduino\binary.h">
      <Filter>src\_micro-api-readonly\core</Filter>
    </ClInclude>
    <ClInclude Include="..\..\..\..\..\..\..\..\..\Program Files (x86)\Arduino\hardware\arduino\avr\cores\arduino\Client.h">
      <Filter>src\_micro-api-readonly\core</Filter>
    </ClInclude>
    <ClInclude Include="..\..\..\..\..\..\..\..\..\Program Files (x86)\Arduino\hardware\arduino\avr\cores\arduino\HardwareSerial.h">
      <Filter>src\_micro-api-readonly\core</Filter>
    </ClInclude>
    <ClInclude Include="..\..\..\..\..\..\..\..\..\Program Files (x86)\Arduino\hardware\arduino\avr\cores\arduino\HardwareSerial_private.h">
      <Filter>src\_micro-api-readonly\core</Filter>
    </ClInclude>
    <ClInclude Include="..\..\..\..\..\..\..\..\..\Program Files (x86)\Arduino\hardware\arduino\avr\cores\arduino\IPAddress.h">
      <Filter>src\_micro-api-readonly\core</Filter>
    </ClInclude>
    <ClInclude Include="..\..\..\..\..\..\..\..\..\Program Files (x86)\Arduino\hardware\arduino\avr\cores\arduino\new.h">
      <Filter>src\_micro-api-readonly\core</Filter>
    </ClInclude>
    <ClInclude Include="..\..\..\..\..\..\..\..\..\Program Files (x86)\Arduino\hardware\arduino\avr\cores\arduino\PluggableUSB.h">
      <Filter>src\_micro-api-readonly\core</Filter>
    </ClInclude>
    <ClInclude Include="..\..\..\..\..\..\..\..\..\Program Files (x86)\Arduino\hardware\arduino\avr\cores\arduino\Print.h">
      <Filter>src\_micro-api-readonly\core</Filter>
    </ClInclude>
    <ClInclude Include="..\..\..\..\..\..\..\..\..\Program Files (x86)\Arduino\hardware\arduino\avr\cores\arduino\Printable.h">
      <Filter>src\_micro-api-readonly\core</Filter>
    </ClInclude>
    <ClInclude Include="..\..\..\..\..\..\..\..\..\Program Files (x86)\Arduino\hardware\arduino\avr\cores\arduino\Server.h">
      <Filter>src\_micro-api-readonly\core</Filter>
    </ClInclude>
    <ClInclude Include="..\..\..\..\..\..\..\..\..\Program Files (x86)\Arduino\hardware\arduino\avr\cores\arduino\Stream.h">
      <Filter>src\_micro-api-readonly\core</Filter>
    </ClInclude>
    <ClInclude Include="..\..\..\..\..\..\..\..\..\Program Files (x86)\Arduino\hardware\arduino\avr\cores\arduino\Udp.h">
      <Filter>src\_micro-api-readonly\core</Filter>
    </ClInclude>
    <ClInclude Include="..\..\..\..\..\..\..\..\..\Program Files (x86)\Arduino\hardware\arduino\avr\cores\arduino\USBAPI.h">
      <Filter>src\_micro-api-readonly\core</Filter>
    </ClInclude>
    <ClInclude Include="..\..\..\..\..\..\..\..\..\Program Files (x86)\Arduino\hardware\arduino\avr\cores\arduino\USBCore.h">
      <Filter>src\_micro-api-readonly\core</Filter>
    </ClInclude>
    <ClInclude Include="..\..\..\..\..\..\..\..\..\Program Files (x86)\Arduino\hardware\arduino\avr\cores\arduino\USBDesc.h">
      <Filter>src\_micro-api-readonly\core</Filter>
    </ClInclude>
    <ClInclude Include="..\..\..\..\..\..\..\..\..\Program Files (x86)\Arduino\hardware\arduino\avr\cores\arduino\WCharacter.h">
      <Filter>src\_micro-api-readonly\core</Filter>
    </ClInclude>
    <ClInclude Include="..\..\..\..\..\..\..\..\..\Program Files (x86)\Arduino\hardware\arduino\avr\cores\arduino\wiring_private.h">
      <Filter>src\_micro-api-readonly\core</Filter>
    </ClInclude>
    <ClInclude Include="..\..\..\..\..\..\..\..\..\Program Files (x86)\Arduino\hardware\arduino\avr\cores\arduino\WString.h">
      <Filter>src\_micro-api-readonly\core</Filter>
    </ClInclude>
    <ClInclude Include="..\..\..\..\..\..\..\..\..\Program Files (x86)\Arduino\hardware\arduino\avr\variants\standard\pins_arduino.h">
      <Filter>src\_micro-api-readonly\variants\standard</Filter>
    </ClInclude>
    <ClInclude Include="..\..\..\..\..\..\Arduino\libraries\Adafruit_NeoPixel\Adafruit_NeoPixel.h">
      <Filter>src\_micro-api-readonly\libraries\Adafruit_NeoPixel</Filter>
    </ClInclude>
    <ClInclude Include="..\..\..\..\..\..\..\..\..\Program Files (x86)\Arduino\libraries\SD\src\SD.h">
      <Filter>src\_micro-api-readonly\libraries\SD\src</Filter>
    </ClInclude>
    <ClInclude Include="..\..\..\..\..\..\..\..\..\Program Files (x86)\Arduino\libraries\SD\src\utility\FatStructs.h">
      <Filter>src\_micro-api-readonly\libraries\SD\src\utility</Filter>
    </ClInclude>
    <ClInclude Include="..\..\..\..\..\..\..\..\..\Program Files (x86)\Arduino\libraries\SD\src\utility\Sd2Card.h">
      <Filter>src\_micro-api-readonly\libraries\SD\src\utility</Filter>
    </ClInclude>
    <ClInclude Include="..\..\..\..\..\..\..\..\..\Program Files (x86)\Arduino\libraries\SD\src\utility\Sd2PinMap.h">
      <Filter>src\_micro-api-readonly\libraries\SD\src\utility</Filter>
    </ClInclude>
    <ClInclude Include="..\..\..\..\..\..\..\..\..\Program Files (x86)\Arduino\libraries\SD\src\utility\SdFat.h">
      <Filter>src\_micro-api-readonly\libraries\SD\src\utility</Filter>
    </ClInclude>
    <ClInclude Include="..\..\..\..\..\..\..\..\..\Program Files (x86)\Arduino\libraries\SD\src\utility\SdFatmainpage.h">
      <Filter>src\_micro-api-readonly\libraries\SD\src\utility</Filter>
    </ClInclude>
    <ClInclude Include="..\..\..\..\..\..\..\..\..\Program Files (x86)\Arduino\libraries\SD\src\utility\SdFatUtil.h">
      <Filter>src\_micro-api-readonly\libraries\SD\src\utility</Filter>
    </ClInclude>
    <ClInclude Include="..\..\..\..\..\..\..\..\..\Program Files (x86)\Arduino\libraries\SD\src\utility\SdInfo.h">
      <Filter>src\_micro-api-readonly\libraries\SD\src\utility</Filter>
    </ClInclude>
    <ClInclude Include="..\..\..\..\..\..\..\..\..\Program Files (x86)\Arduino\hardware\arduino\avr\libraries\SoftwareSerial\src\SoftwareSerial.h">
      <Filter>src\_micro-api-readonly\libraries\SoftwareSerial\src</Filter>
    </ClInclude>
    <ClInclude Include="..\..\..\..\..\..\..\..\..\Program Files (x86)\Arduino\hardware\arduino\avr\libraries\SPI\src\SPI.h">
      <Filter>src\_micro-api-readonly\libraries\SPI\src</Filter>
    </ClInclude>
  </ItemGroup>
  <ItemGroup>
    <ClCompile Include="..\..\..\..\..\..\..\..\..\Program Files (x86)\Arduino\hardware\arduino\avr\cores\arduino\abi.cpp">
      <Filter>src\_micro-api-readonly\core</Filter>
    </ClCompile>
    <ClCompile Include="..\..\..\..\..\..\..\..\..\Program Files (x86)\Arduino\hardware\arduino\avr\cores\arduino\CDC.cpp">
      <Filter>src\_micro-api-readonly\core</Filter>
    </ClCompile>
    <ClCompile Include="..\..\..\..\..\..\..\..\..\Program Files (x86)\Arduino\hardware\arduino\avr\cores\arduino\HardwareSerial.cpp">
      <Filter>src\_micro-api-readonly\core</Filter>
    </ClCompile>
    <ClCompile Include="..\..\..\..\..\..\..\..\..\Program Files (x86)\Arduino\hardware\arduino\avr\cores\arduino\HardwareSerial0.cpp">
      <Filter>src\_micro-api-readonly\core</Filter>
    </ClCompile>
    <ClCompile Include="..\..\..\..\..\..\..\..\..\Program Files (x86)\Arduino\hardware\arduino\avr\cores\arduino\HardwareSerial1.cpp">
      <Filter>src\_micro-api-readonly\core</Filter>
    </ClCompile>
    <ClCompile Include="..\..\..\..\..\..\..\..\..\Program Files (x86)\Arduino\hardware\arduino\avr\cores\arduino\HardwareSerial2.cpp">
      <Filter>src\_micro-api-readonly\core</Filter>
    </ClCompile>
    <ClCompile Include="..\..\..\..\..\..\..\..\..\Program Files (x86)\Arduino\hardware\arduino\avr\cores\arduino\HardwareSerial3.cpp">
      <Filter>src\_micro-api-readonly\core</Filter>
    </ClCompile>
    <ClCompile Include="..\..\..\..\..\..\..\..\..\Program Files (x86)\Arduino\hardware\arduino\avr\cores\arduino\IPAddress.cpp">
      <Filter>src\_micro-api-readonly\core</Filter>
    </ClCompile>
    <ClCompile Include="..\..\..\..\..\..\..\..\..\Program Files (x86)\Arduino\hardware\arduino\avr\cores\arduino\main.cpp">
      <Filter>src\_micro-api-readonly\core</Filter>
    </ClCompile>
    <ClCompile Include="..\..\..\..\..\..\..\..\..\Program Files (x86)\Arduino\hardware\arduino\avr\cores\arduino\new.cpp">
      <Filter>src\_micro-api-readonly\core</Filter>
    </ClCompile>
    <ClCompile Include="..\..\..\..\..\..\..\..\..\Program Files (x86)\Arduino\hardware\arduino\avr\cores\arduino\PluggableUSB.cpp">
      <Filter>src\_micro-api-readonly\core</Filter>
    </ClCompile>
    <ClCompile Include="..\..\..\..\..\..\..\..\..\Program Files (x86)\Arduino\hardware\arduino\avr\cores\arduino\Print.cpp">
      <Filter>src\_micro-api-readonly\core</Filter>
    </ClCompile>
    <ClCompile Include="..\..\..\..\..\..\..\..\..\Program Files (x86)\Arduino\hardware\arduino\avr\cores\arduino\Stream.cpp">
      <Filter>src\_micro-api-readonly\core</Filter>
    </ClCompile>
    <ClCompile Include="..\..\..\..\..\..\..\..\..\Program Files (x86)\Arduino\hardware\arduino\avr\cores\arduino\Tone.cpp">
      <Filter>src\_micro-api-readonly\core</Filter>
    </ClCompile>
    <ClCompile Include="..\..\..\..\..\..\..\..\..\Program Files (x86)\Arduino\hardware\arduino\avr\cores\arduino\USBCore.cpp">
      <Filter>src\_micro-api-readonly\core</Filter>
    </ClCompile>
    <ClCompile Include="..\..\..\..\..\..\..\..\..\Program Files (x86)\Arduino\hardware\arduino\avr\cores\arduino\WMath.cpp">
      <Filter>src\_micro-api-readonly\core</Filter>
    </ClCompile>
    <ClCompile Include="..\..\..\..\..\..\..\..\..\Program Files (x86)\Arduino\hardware\arduino\avr\cores\arduino\WString.cpp">
      <Filter>src\_micro-api-readonly\core</Filter>
    </ClCompile>
    <ClCompile Include="..\..\..\..\..\..\Arduino\libraries\Adafruit_NeoPixel\Adafruit_NeoPixel.cpp">
      <Filter>src\_micro-api-readonly\libraries\Adafruit_NeoPixel</Filter>
    </ClCompile>
    <ClCompile Include="..\..\..\..\..\..\Arduino\libraries\Adafruit_NeoPixel\esp8266.c">
      <Filter>src\_micro-api-readonly\libraries\Adafruit_NeoPixel</Filter>
    </ClCompile>
    <ClCompile Include="..\..\..\..\..\..\..\..\..\Program Files (x86)\Arduino\libraries\SD\src\File.cpp">
      <Filter>src\_micro-api-readonly\libraries\SD\src</Filter>
    </ClCompile>
    <ClCompile Include="..\..\..\..\..\..\..\..\..\Program Files (x86)\Arduino\libraries\SD\src\SD.cpp">
      <Filter>src\_micro-api-readonly\libraries\SD\src</Filter>
    </ClCompile>
    <ClCompile Include="..\..\..\..\..\..\..\..\..\Program Files (x86)\Arduino\libraries\SD\src\utility\Sd2Card.cpp">
      <Filter>src\_micro-api-readonly\libraries\SD\src\utility</Filter>
    </ClCompile>
    <ClCompile Include="..\..\..\..\..\..\..\..\..\Program Files (x86)\Arduino\libraries\SD\src\utility\SdFile.cpp">
      <Filter>src\_micro-api-readonly\libraries\SD\src\utility</Filter>
    </ClCompile>
    <ClCompile Include="..\..\..\..\..\..\..\..\..\Program Files (x86)\Arduino\libraries\SD\src\utility\SdVolume.cpp">
      <Filter>src\_micro-api-readonly\libraries\SD\src\utility</Filter>
    </ClCompile>
    <ClCompile Include="..\..\..\..\..\..\..\..\..\Program Files (x86)\Arduino\hardware\arduino\avr\libraries\SoftwareSerial\src\SoftwareSerial.cpp">
      <Filter>src\_micro-api-readonly\libraries\SoftwareSerial\src</Filter>
    </ClCompile>
    <ClCompile Include="..\..\..\..\..\..\..\..\..\Program Files (x86)\Arduino\hardware\arduino\avr\libraries\SPI\src\SPI.cpp">
      <Filter>src\_micro-api-readonly\libraries\SPI\src</Filter>
    </ClCompile>
  </ItemGroup>
  <ItemGroup>
    <Text Include="..\..\..\..\..\..\Arduino\libraries\Adafruit_NeoPixel\keywords.txt">
      <Filter>src\_micro-api-readonly\libraries\Adafruit_NeoPixel</Filter>
    </Text>
    <Text Include="..\..\..\..\..\..\..\..\..\Program Files (x86)\Arduino\libraries\SD\keywords.txt">
      <Filter>src\_micro-api-readonly\libraries\SD</Filter>
    </Text>
    <Text Include="..\..\..\..\..\..\..\..\..\Program Files (x86)\Arduino\libraries\SD\src\README.txt">
      <Filter>src\_micro-api-readonly\libraries\SD\src</Filter>
    </Text>
    <Text Include="..\..\..\..\..\..\..\..\..\Program Files (x86)\Arduino\hardware\arduino\avr\libraries\SoftwareSerial\keywords.txt">
      <Filter>src\_micro-api-readonly\libraries\SoftwareSerial</Filter>
    </Text>
    <Text Include="..\..\..\..\..\..\..\..\..\Program Files (x86)\Arduino\hardware\arduino\avr\libraries\SPI\keywords.txt">
      <Filter>src\_micro-api-readonly\libraries\SPI</Filter>
    </Text>
  </ItemGroup>
  <ItemGroup>
    <ClInclude Include="__vm\.GeoPixel.vsarduino.h">
      <Filter>Header Files</Filter>
    </ClInclude>
  </ItemGroup>
</Project>